
Microsoft Visual Studio Solution File, Format Version 12.00
# Visual Studio 15
VisualStudioVersion = 15.0.26730.10
MinimumVisualStudioVersion = 10.0.40219.1
Project("{FAE04EC0-301F-11D3-BF4B-00C04F79EFBC}") = "WeatherApiTest", "WeatherApiTest\WeatherApiTest.csproj", "{5F2B615C-8E55-4E75-8D7D-780C13BA712F}"
EndProject
Global
	GlobalSection(SolutionConfigurationPlatforms) = preSolution
		Debug|Any CPU = Debug|Any CPU
		Release|Any CPU = Release|Any CPU
	EndGlobalSection
	GlobalSection(ProjectConfigurationPlatforms) = postSolution
		{5F2B615C-8E55-4E75-8D7D-780C13BA712F}.Debug|Any CPU.ActiveCfg = Debug|Any CPU
		{5F2B615C-8E55-4E75-8D7D-780C13BA712F}.Debug|Any CPU.Build.0 = Debug|Any CPU
		{5F2B615C-8E55-4E75-8D7D-780C13BA712F}.Release|Any CPU.ActiveCfg = Release|Any CPU
		{5F2B615C-8E55-4E75-8D7D-780C13BA712F}.Release|Any CPU.Build.0 = Release|Any CPU
	EndGlobalSection
	GlobalSection(SolutionProperties) = preSolution
		HideSolutionNode = FALSE
	EndGlobalSection
	GlobalSection(ExtensibilityGlobals) = postSolution
		SolutionGuid = {50EA963B-36B5-4F8B-9C20-6DE01E1068C5}
	EndGlobalSection
EndGlobal
